
Microsoft Visual Studio Solution File, Format Version 12.00
# Visual Studio Version 16
VisualStudioVersion = 16.0.29806.167
MinimumVisualStudioVersion = 10.0.40219.1
Project("{FAE04EC0-301F-11D3-BF4B-00C04F79EFBC}") = "UNITYPCoatData", "UNITYPCoatData.csproj", "{32AE63E3-C3A8-4A85-B943-A4EC8A612E06}"
EndProject
Global
	GlobalSection(SolutionConfigurationPlatforms) = preSolution
		Debug|Any CPU = Debug|Any CPU
		Release|Any CPU = Release|Any CPU
	EndGlobalSection
	GlobalSection(ProjectConfigurationPlatforms) = postSolution
		{32AE63E3-C3A8-4A85-B943-A4EC8A612E06}.Debug|Any CPU.ActiveCfg = Debug|Any CPU
		{32AE63E3-C3A8-4A85-B943-A4EC8A612E06}.Debug|Any CPU.Build.0 = Debug|Any CPU
		{32AE63E3-C3A8-4A85-B943-A4EC8A612E06}.Release|Any CPU.ActiveCfg = Release|Any CPU
		{32AE63E3-C3A8-4A85-B943-A4EC8A612E06}.Release|Any CPU.Build.0 = Release|Any CPU
	EndGlobalSection
	GlobalSection(SolutionProperties) = preSolution
		HideSolutionNode = FALSE
	EndGlobalSection
	GlobalSection(ExtensibilityGlobals) = postSolution
		SolutionGuid = {76A80375-DF4D-444A-8C55-C0B4C4471F3E}
	EndGlobalSection
EndGlobal
